
Microsoft Visual Studio Solution File, Format Version 12.00
# Visual Studio Version 16
VisualStudioVersion = 16.0.32126.315
MinimumVisualStudioVersion = 10.0.40219.1
Project("{FAE04EC0-301F-11D3-BF4B-00C04F79EFBC}") = "codecampAssessment", "codecampAssessment\codecampAssessment.csproj", "{BB6B798F-70EF-46DF-A16C-3D885D2D0D3C}"
EndProject
Global
	GlobalSection(SolutionConfigurationPlatforms) = preSolution
		Debug|Any CPU = Debug|Any CPU
		Release|Any CPU = Release|Any CPU
	EndGlobalSection
	GlobalSection(ProjectConfigurationPlatforms) = postSolution
		{BB6B798F-70EF-46DF-A16C-3D885D2D0D3C}.Debug|Any CPU.ActiveCfg = Debug|Any CPU
		{BB6B798F-70EF-46DF-A16C-3D885D2D0D3C}.Debug|Any CPU.Build.0 = Debug|Any CPU
		{BB6B798F-70EF-46DF-A16C-3D885D2D0D3C}.Release|Any CPU.ActiveCfg = Release|Any CPU
		{BB6B798F-70EF-46DF-A16C-3D885D2D0D3C}.Release|Any CPU.Build.0 = Release|Any CPU
	EndGlobalSection
	GlobalSection(SolutionProperties) = preSolution
		HideSolutionNode = FALSE
	EndGlobalSection
	GlobalSection(ExtensibilityGlobals) = postSolution
		SolutionGuid = {15618993-4DB7-4DB7-A608-DC2AE8F65FBD}
	EndGlobalSection
EndGlobal
